{
  "name": "maelstrom-proto2",
  "version": "0.0.1",
  "dependencies": {
    "express": {
      "version": "3.0.0rc2",
      "dependencies": {
        "connect": {
          "version": "2.4.2",
          "dependencies": {
            "qs": {
              "version": "0.4.2"
            },
            "formidable": {
              "version": "1.0.11"
            },
            "bytes": {
              "version": "0.1.0"
            },
            "pause": {
              "version": "0.0.1"
            }
          }
        },
        "commander": {
          "version": "0.6.1"
        },
        "range-parser": {
          "version": "0.0.4"
        },
        "mkdirp": {
          "version": "0.3.3"
        },
        "cookie": {
          "version": "0.0.4"
        },
        "crc": {
          "version": "0.2.0"
        },
        "fresh": {
          "version": "0.1.0"
        },
        "methods": {
          "version": "0.0.1"
        },
        "send": {
          "version": "0.0.3",
          "dependencies": {
            "mime": {
              "version": "1.2.6"
            }
          }
        },
        "debug": {
          "version": "0.7.0"
        }
      }
    },
    "deferred": {
      "version": "0.5.6",
      "dependencies": {
        "es5-ext": {
          "version": "0.8.2"
        }
      }
    },
    "mongoose": {
      "version": "3.0.0",
      "dependencies": {
        "hooks": {
          "version": "0.2.1"
        },
        "mongodb": {
          "version": "1.1.2",
          "dependencies": {
            "bson": {
              "version": "0.1.1"
            }
          }
        },
        "ms": {
          "version": "0.1.0"
        }
      }
    },
    "express-mongoose": {
      "version": "0.0.5"
    },
    "jade": {
      "version": "0.27.2",
      "dependencies": {
        "commander": {
          "version": "0.6.1"
        },
        "mkdirp": {
          "version": "0.3.0"
        }
      }
    },
    "passport": {
      "version": "0.1.12",
      "dependencies": {
        "pkginfo": {
          "version": "0.2.3"
        }
      }
    },
    "passport-facebook": {
      "version": "0.1.4",
      "dependencies": {
        "pkginfo": {
          "version": "0.2.3"
        },
        "passport-oauth": {
          "version": "0.1.12",
          "dependencies": {
            "oauth": {
              "version": "0.9.8"
            }
          }
        }
      }
    },
    "passport-twitter": {
      "version": "0.1.4",
      "dependencies": {
        "pkginfo": {
          "version": "0.2.3"
        },
        "passport-oauth": {
          "version": "0.1.12",
          "dependencies": {
            "oauth": {
              "version": "0.9.8"
            }
          }
        }
      }
    },
    "redis": {
      "version": "0.7.2",
      "dependencies": {
        "hiredis": {
          "version": "0.1.14"
        }
      }
    },
    "connect-redis": {
      "version": "1.4.1",
      "dependencies": {
        "debug": {
          "version": "0.7.0"
        }
      }
    },
    "email-templates": {
      "version": "0.0.2",
      "dependencies": {
        "ejs": {
          "version": "0.7.1"
        },
        "juice": {
          "version": "0.0.6",
          "from": "https://github.com/niftylettuce/juice/tarball/master",
          "dependencies": {
            "cssom": {
              "version": "0.2.3"
            },
            "jsdom": {
              "version": "0.2.14",
              "dependencies": {
                "htmlparser": {
                  "version": "1.7.6"
                },
                "request": {
                  "version": "2.10.0"
                },
                "contextify": {
                  "version": "0.1.3",
                  "dependencies": {
                    "bindings": {
                      "version": "1.0.0"
                    }
                  }
                }
              }
            },
            "mootools-slick-parser": {
              "version": "1.3.2"
            }
          }
        },
        "async": {
          "version": "0.1.22"
        },
        "underscore": {
          "version": "1.3.3"
        }
      }
    },
    "validator": {
      "version": "0.4.11"
    },
    "express-validator": {
      "version": "0.2.3"
    },
    "awssum": {
      "version": "0.12.2",
      "dependencies": {
        "fmt": {
          "version": "0.4.0"
        },
        "underscore": {
          "version": "1.4.4"
        },
        "xml2js": {
          "version": "0.1.14",
          "dependencies": {
            "sax": {
              "version": "0.5.2"
            }
          }
        },
        "dateformat": {
          "version": "1.0.4-1.2.3"
        },
        "xml": {
          "version": "0.0.7"
        },
        "data2xml": {
          "version": "0.4.0"
        },
        "passgen": {
          "version": "1.0.1",
          "dependencies": {
            "vows": {
              "version": "0.7.0",
              "dependencies": {
                "eyes": {
                  "version": "0.1.8"
                },
                "diff": {
                  "version": "1.0.4"
                }
              }
            }
          }
        }
      }
    },
    "grunt-less": {
      "version": "0.1.5",
      "dependencies": {
        "grunt": {
          "version": "0.3.12",
          "dependencies": {
            "async": {
              "version": "0.1.22"
            },
            "colors": {
              "version": "0.6.0-1"
            },
            "connect": {
              "version": "2.3.9",
              "dependencies": {
                "qs": {
                  "version": "0.4.2"
                },
                "formidable": {
                  "version": "1.0.11"
                },
                "crc": {
                  "version": "0.2.0"
                },
                "cookie": {
                  "version": "0.0.4"
                },
                "bytes": {
                  "version": "0.1.0"
                },
                "send": {
                  "version": "0.0.3",
                  "dependencies": {
                    "mime": {
                      "version": "1.2.6"
                    },
                    "range-parser": {
                      "version": "0.0.4"
                    }
                  }
                },
                "fresh": {
                  "version": "0.1.0"
                },
                "debug": {
                  "version": "0.7.0"
                }
              }
            },
            "dateformat": {
              "version": "1.0.2-1.2.3"
            },
            "glob-whatev": {
              "version": "0.1.8",
              "dependencies": {
                "minimatch": {
                  "version": "0.2.6",
                  "dependencies": {
                    "lru-cache": {
                      "version": "2.0.1"
                    }
                  }
                }
              }
            },
            "hooker": {
              "version": "0.2.3"
            },
            "jshint": {
              "version": "0.5.9",
              "dependencies": {
                "argsparser": {
                  "version": "0.0.6"
                },
                "minimatch": {
                  "version": "0.2.6",
                  "dependencies": {
                    "lru-cache": {
                      "version": "2.0.1"
                    }
                  }
                }
              }
            },
            "nodeunit": {
              "version": "0.6.4",
              "dependencies": {
                "tap-assert": {
                  "version": "0.0.10"
                },
                "tap-producer": {
                  "version": "0.0.1",
                  "dependencies": {
                    "inherits": {
                      "version": "1.0.0"
                    },
                    "tap-results": {
                      "version": "0.0.2"
                    },
                    "yamlish": {
                      "version": "0.0.5"
                    }
                  }
                }
              }
            },
            "nopt": {
              "version": "1.0.10",
              "dependencies": {
                "abbrev": {
                  "version": "1.0.3"
                }
              }
            },
            "prompt": {
              "version": "0.1.12",
              "dependencies": {
                "pkginfo": {
                  "version": "0.2.3"
                },
                "winston": {
                  "version": "0.5.11",
                  "dependencies": {
                    "eyes": {
                      "version": "0.1.7"
                    },
                    "loggly": {
                      "version": "0.3.11",
                      "dependencies": {
                        "request": {
                          "version": "2.9.203"
                        },
                        "timespan": {
                          "version": "2.2.0"
                        }
                      }
                    },
                    "stack-trace": {
                      "version": "0.0.6"
                    }
                  }
                }
              }
            },
            "semver": {
              "version": "1.0.14"
            },
            "uglify-js": {
              "version": "1.0.7"
            },
            "underscore": {
              "version": "1.2.4"
            },
            "underscore.string": {
              "version": "2.1.1"
            },
            "temporary": {
              "version": "0.0.4",
              "dependencies": {
                "package": {
                  "version": "1.0.1"
                }
              }
            },
            "gzip-js": {
              "version": "0.3.1",
              "dependencies": {
                "crc32": {
                  "version": "0.2.2"
                },
                "deflate-js": {
                  "version": "0.2.2"
                }
              }
            }
          }
        },
        "less": {
          "version": "1.3.0"
        }
      }
    }
  }
}
